
Microsoft Visual Studio Solution File, Format Version 12.00
# Visual Studio 15
VisualStudioVersion = 15.0.28307.779
MinimumVisualStudioVersion = 10.0.40219.1
Project("{FAE04EC0-301F-11D3-BF4B-00C04F79EFBC}") = "SEDC.Football.Domain", "SEDC.Football.Domain\SEDC.Football.Domain.csproj", "{836CB149-D96C-47AE-8641-AA053DC989D1}"
EndProject
Project("{FAE04EC0-301F-11D3-BF4B-00C04F79EFBC}") = "SEDC.Football.DataLayer", "SEDC.Football.DataLayer\SEDC.Football.DataLayer.csproj", "{F8D07532-EE84-4CE6-96AD-677952353B60}"
EndProject
Project("{FAE04EC0-301F-11D3-BF4B-00C04F79EFBC}") = "SEDC.Football.BusinessLayer", "SEDC.Football.BusinessLayer\SEDC.Football.BusinessLayer.csproj", "{54F8D8C7-657F-42E5-ADA7-8FAA717F6BCF}"
EndProject
Project("{FAE04EC0-301F-11D3-BF4B-00C04F79EFBC}") = "SEDC.Football.ViewModel", "SEDC.Football.ViewModel\SEDC.Football.ViewModel.csproj", "{8E559CFF-DEA1-4137-9EB0-261CF4C1DD1E}"
EndProject
Project("{FAE04EC0-301F-11D3-BF4B-00C04F79EFBC}") = "SEDC.Football.WebApplication", "SEDC.Football.WebApplication\SEDC.Football.WebApplication.csproj", "{C9FC4E97-8483-46C7-90E1-44553509DA32}"
EndProject
Global
	GlobalSection(SolutionConfigurationPlatforms) = preSolution
		Debug|Any CPU = Debug|Any CPU
		Release|Any CPU = Release|Any CPU
	EndGlobalSection
	GlobalSection(ProjectConfigurationPlatforms) = postSolution
		{836CB149-D96C-47AE-8641-AA053DC989D1}.Debug|Any CPU.ActiveCfg = Debug|Any CPU
		{836CB149-D96C-47AE-8641-AA053DC989D1}.Debug|Any CPU.Build.0 = Debug|Any CPU
		{836CB149-D96C-47AE-8641-AA053DC989D1}.Release|Any CPU.ActiveCfg = Release|Any CPU
		{836CB149-D96C-47AE-8641-AA053DC989D1}.Release|Any CPU.Build.0 = Release|Any CPU
		{F8D07532-EE84-4CE6-96AD-677952353B60}.Debug|Any CPU.ActiveCfg = Debug|Any CPU
		{F8D07532-EE84-4CE6-96AD-677952353B60}.Debug|Any CPU.Build.0 = Debug|Any CPU
		{F8D07532-EE84-4CE6-96AD-677952353B60}.Release|Any CPU.ActiveCfg = Release|Any CPU
		{F8D07532-EE84-4CE6-96AD-677952353B60}.Release|Any CPU.Build.0 = Release|Any CPU
		{54F8D8C7-657F-42E5-ADA7-8FAA717F6BCF}.Debug|Any CPU.ActiveCfg = Debug|Any CPU
		{54F8D8C7-657F-42E5-ADA7-8FAA717F6BCF}.Debug|Any CPU.Build.0 = Debug|Any CPU
		{54F8D8C7-657F-42E5-ADA7-8FAA717F6BCF}.Release|Any CPU.ActiveCfg = Release|Any CPU
		{54F8D8C7-657F-42E5-ADA7-8FAA717F6BCF}.Release|Any CPU.Build.0 = Release|Any CPU
		{8E559CFF-DEA1-4137-9EB0-261CF4C1DD1E}.Debug|Any CPU.ActiveCfg = Debug|Any CPU
		{8E559CFF-DEA1-4137-9EB0-261CF4C1DD1E}.Debug|Any CPU.Build.0 = Debug|Any CPU
		{8E559CFF-DEA1-4137-9EB0-261CF4C1DD1E}.Release|Any CPU.ActiveCfg = Release|Any CPU
		{8E559CFF-DEA1-4137-9EB0-261CF4C1DD1E}.Release|Any CPU.Build.0 = Release|Any CPU
		{C9FC4E97-8483-46C7-90E1-44553509DA32}.Debug|Any CPU.ActiveCfg = Debug|Any CPU
		{C9FC4E97-8483-46C7-90E1-44553509DA32}.Debug|Any CPU.Build.0 = Debug|Any CPU
		{C9FC4E97-8483-46C7-90E1-44553509DA32}.Release|Any CPU.ActiveCfg = Release|Any CPU
		{C9FC4E97-8483-46C7-90E1-44553509DA32}.Release|Any CPU.Build.0 = Release|Any CPU
	EndGlobalSection
	GlobalSection(SolutionProperties) = preSolution
		HideSolutionNode = FALSE
	EndGlobalSection
	GlobalSection(ExtensibilityGlobals) = postSolution
		SolutionGuid = {6AE1249C-BDAA-445D-8CD7-ADFE50929954}
	EndGlobalSection
EndGlobal
